{
  "version": 4,
  "terraform_version": "0.12.10",
  "serial": 15,
  "lineage": "f1a3fa0a-215b-7255-a16b-cf9fb139f5f3",
  "outputs": {
    "subnet_id": {
      "value": [
        "subnet-0047b630629c6cafc",
        "subnet-0bbd1702c73b375c8"
      ],
      "type": [
        "tuple",
        [
          "string",
          "string"
        ]
      ]
    },
    "vpc_id": {
      "value": "vpc-08856d97c9261c2d0",
      "type": "string"
    }
  },
  "resources": [
    {
      "module": "module.myec2.module.mylc",
      "mode": "managed",
      "type": "aws_autoscaling_group",
      "name": "asg",
      "provider": "provider.aws",
      "instances": []
    },
    {
      "module": "module.myec2.module.mylb",
      "mode": "managed",
      "type": "aws_elb",
      "name": "lb",
      "provider": "provider.aws",
      "instances": [
        {
          "schema_version": 0,
          "attributes": {
            "access_logs": [],
            "arn": "arn:aws:elasticloadbalancing:us-east-1:246212294438:loadbalancer/tf-lb-rabbitMQ",
            "availability_zones": [
              "us-east-1a",
              "us-east-1b"
            ],
            "connection_draining": false,
            "connection_draining_timeout": 300,
            "cross_zone_load_balancing": true,
            "dns_name": "internal-tf-lb-rabbitMQ-448975622.us-east-1.elb.amazonaws.com",
            "health_check": [
              {
                "healthy_threshold": 10,
                "interval": 30,
                "target": "TCP:15672",
                "timeout": 10,
                "unhealthy_threshold": 10
              }
            ],
            "id": "tf-lb-rabbitMQ",
            "idle_timeout": 60,
            "instances": [],
            "internal": true,
            "listener": [
              {
                "instance_port": 15672,
                "instance_protocol": "TCP",
                "lb_port": 15672,
                "lb_protocol": "TCP",
                "ssl_certificate_id": ""
              },
              {
                "instance_port": 5672,
                "instance_protocol": "TCP",
                "lb_port": 5672,
                "lb_protocol": "TCP",
                "ssl_certificate_id": ""
              }
            ],
            "name": "tf-lb-rabbitMQ",
            "name_prefix": null,
            "security_groups": [
              "sg-0f04efda9a90fd90f"
            ],
            "source_security_group": "246212294438/rabbitMQ",
            "source_security_group_id": "sg-0f04efda9a90fd90f",
            "subnets": [
              "subnet-0047b630629c6cafc",
              "subnet-0bbd1702c73b375c8"
            ],
            "tags": null,
            "zone_id": "Z35SXDOTRQ7X7K"
          },
          "private": "bnVsbA=="
        }
      ]
    },
    {
      "module": "module.myiam",
      "mode": "managed",
      "type": "aws_iam_instance_profile",
      "name": "instance_profile",
      "provider": "provider.aws",
      "instances": [
        {
          "schema_version": 0,
          "attributes": {
            "arn": "arn:aws:iam::246212294438:instance-profile/rabbitmq-cluster-iam-inst-profile",
            "create_date": "2019-11-11T11:06:14Z",
            "id": "rabbitmq-cluster-iam-inst-profile",
            "name": "rabbitmq-cluster-iam-inst-profile",
            "name_prefix": null,
            "path": "/",
            "role": "rabbitmq-cluster-iam-role",
            "roles": [],
            "unique_id": "AIPATSU3FO4TMGO3HC7P4"
          },
          "private": "bnVsbA==",
          "depends_on": [
            "aws_iam_role.role"
          ]
        }
      ]
    },
    {
      "module": "module.myiam",
      "mode": "managed",
      "type": "aws_iam_policy",
      "name": "policy",
      "provider": "provider.aws",
      "instances": [
        {
          "schema_version": 0,
          "attributes": {
            "arn": "arn:aws:iam::246212294438:policy/rabbitmq-cluster-iam-policy",
            "description": "rabbitMQ",
            "id": "arn:aws:iam::246212294438:policy/rabbitmq-cluster-iam-policy",
            "name": "rabbitmq-cluster-iam-policy",
            "name_prefix": null,
            "path": "/",
            "policy": "{\n    \"Version\": \"2012-10-17\",\n    \"Statement\": [\n        {\n            \"Effect\": \"Allow\",\n            \"Action\": [\n                \"autoscaling:DescribeAutoScalingGroups\",\n                \"autoscaling:DescribeAutoScalingInstances\",\n                \"ec2:DescribeInstances\"\n            ],\n            \"Resource\": [\n                \"*\"\n            ]\n        }\n    ]\n}\n"
          },
          "private": "bnVsbA=="
        }
      ]
    },
    {
      "module": "module.myiam",
      "mode": "managed",
      "type": "aws_iam_role",
      "name": "role",
      "provider": "provider.aws",
      "instances": [
        {
          "schema_version": 0,
          "attributes": {
            "arn": "arn:aws:iam::246212294438:role/rabbitmq-cluster-iam-role",
            "assume_role_policy": "{\"Version\":\"2012-10-17\",\"Statement\":[{\"Sid\":\"\",\"Effect\":\"Allow\",\"Principal\":{\"Service\":\"ec2.amazonaws.com\"},\"Action\":\"sts:AssumeRole\"}]}",
            "create_date": "2019-11-11T11:06:10Z",
            "description": "",
            "force_detach_policies": false,
            "id": "rabbitmq-cluster-iam-role",
            "max_session_duration": 3600,
            "name": "rabbitmq-cluster-iam-role",
            "name_prefix": null,
            "path": "/",
            "permissions_boundary": null,
            "tags": null,
            "unique_id": "AROATSU3FO4TLB3UUPMCJ"
          },
          "private": "bnVsbA=="
        }
      ]
    },
    {
      "module": "module.myiam",
      "mode": "managed",
      "type": "aws_iam_role_policy_attachment",
      "name": "role-attach",
      "provider": "provider.aws",
      "instances": [
        {
          "schema_version": 0,
          "attributes": {
            "id": "rabbitmq-cluster-iam-role-20191111110615356900000001",
            "policy_arn": "arn:aws:iam::246212294438:policy/rabbitmq-cluster-iam-policy",
            "role": "rabbitmq-cluster-iam-role"
          },
          "private": "bnVsbA==",
          "depends_on": [
            "aws_iam_policy.policy",
            "aws_iam_role.role"
          ]
        }
      ]
    },
    {
      "module": "module.myvpc.module.mysubnet.module.mygateways",
      "mode": "managed",
      "type": "aws_internet_gateway",
      "name": "igw",
      "provider": "provider.aws",
      "instances": [
        {
          "schema_version": 0,
          "attributes": {
            "id": "igw-0977400a1806e86a5",
            "owner_id": "246212294438",
            "tags": null,
            "vpc_id": "vpc-08856d97c9261c2d0"
          },
          "private": "bnVsbA=="
        }
      ]
    },
    {
      "module": "module.myvpc.module.mysubnet.module.mygateways.module.myroutes",
      "mode": "managed",
      "type": "aws_route",
      "name": "r_pub",
      "provider": "provider.aws",
      "instances": [
        {
          "schema_version": 0,
          "attributes": {
            "destination_cidr_block": "0.0.0.0/0",
            "destination_ipv6_cidr_block": null,
            "destination_prefix_list_id": "",
            "egress_only_gateway_id": "",
            "gateway_id": "igw-0977400a1806e86a5",
            "id": "r-rtb-0dbf4f5c942a13ba81080289494",
            "instance_id": "",
            "instance_owner_id": "",
            "nat_gateway_id": "",
            "network_interface_id": "",
            "origin": "CreateRoute",
            "route_table_id": "rtb-0dbf4f5c942a13ba8",
            "state": "active",
            "timeouts": null,
            "transit_gateway_id": "",
            "vpc_peering_connection_id": ""
          },
          "private": "eyJlMmJmYjczMC1lY2FhLTExZTYtOGY4OC0zNDM2M2JjN2M0YzAiOnsiY3JlYXRlIjoxMjAwMDAwMDAwMDAsImRlbGV0ZSI6MzAwMDAwMDAwMDAwfX0=",
          "depends_on": [
            "aws_route_table.rt_pub"
          ]
        }
      ]
    },
    {
      "module": "module.myvpc.module.mysubnet.module.mygateways.module.myroutes",
      "mode": "managed",
      "type": "aws_route_table",
      "name": "rt_pub",
      "provider": "provider.aws",
      "instances": [
        {
          "schema_version": 0,
          "attributes": {
            "id": "rtb-0dbf4f5c942a13ba8",
            "owner_id": "246212294438",
            "propagating_vgws": [],
            "route": [],
            "tags": null,
            "vpc_id": "vpc-08856d97c9261c2d0"
          },
          "private": "bnVsbA=="
        }
      ]
    },
    {
      "module": "module.myvpc.module.mysubnet.module.mygateways.module.myroutes",
      "mode": "managed",
      "type": "aws_route_table_association",
      "name": "rta_pub",
      "each": "list",
      "provider": "provider.aws",
      "instances": [
        {
          "index_key": 0,
          "schema_version": 0,
          "attributes": {
            "id": "rtbassoc-0b12e786d08a0bde6",
            "route_table_id": "rtb-0dbf4f5c942a13ba8",
            "subnet_id": "subnet-0047b630629c6cafc"
          },
          "private": "bnVsbA==",
          "depends_on": [
            "aws_route_table.rt_pub"
          ]
        },
        {
          "index_key": 1,
          "schema_version": 0,
          "attributes": {
            "id": "rtbassoc-0c54411e28d9df171",
            "route_table_id": "rtb-0dbf4f5c942a13ba8",
            "subnet_id": "subnet-0bbd1702c73b375c8"
          },
          "private": "bnVsbA==",
          "depends_on": [
            "aws_route_table.rt_pub"
          ]
        }
      ]
    },
    {
      "module": "module.myec2.module.mysg",
      "mode": "managed",
      "type": "aws_security_group",
      "name": "sg",
      "provider": "provider.aws",
      "instances": [
        {
          "schema_version": 1,
          "attributes": {
            "arn": "arn:aws:ec2:us-east-1:246212294438:security-group/sg-0f04efda9a90fd90f",
            "description": "Security Group",
            "egress": [
              {
                "cidr_blocks": [
                  "0.0.0.0/0"
                ],
                "description": "",
                "from_port": 0,
                "ipv6_cidr_blocks": [],
                "prefix_list_ids": [],
                "protocol": "-1",
                "security_groups": [],
                "self": false,
                "to_port": 0
              }
            ],
            "id": "sg-0f04efda9a90fd90f",
            "ingress": [
              {
                "cidr_blocks": [
                  "0.0.0.0/0"
                ],
                "description": "",
                "from_port": 15672,
                "ipv6_cidr_blocks": [],
                "prefix_list_ids": [],
                "protocol": "tcp",
                "security_groups": [],
                "self": false,
                "to_port": 15672
              },
              {
                "cidr_blocks": [
                  "0.0.0.0/0"
                ],
                "description": "",
                "from_port": 22,
                "ipv6_cidr_blocks": [],
                "prefix_list_ids": [],
                "protocol": "tcp",
                "security_groups": [],
                "self": false,
                "to_port": 22
              },
              {
                "cidr_blocks": [
                  "0.0.0.0/0"
                ],
                "description": "",
                "from_port": 25672,
                "ipv6_cidr_blocks": [],
                "prefix_list_ids": [],
                "protocol": "tcp",
                "security_groups": [],
                "self": false,
                "to_port": 25672
              },
              {
                "cidr_blocks": [
                  "0.0.0.0/0"
                ],
                "description": "",
                "from_port": 4369,
                "ipv6_cidr_blocks": [],
                "prefix_list_ids": [],
                "protocol": "tcp",
                "security_groups": [],
                "self": false,
                "to_port": 4369
              },
              {
                "cidr_blocks": [
                  "0.0.0.0/0"
                ],
                "description": "",
                "from_port": 5672,
                "ipv6_cidr_blocks": [],
                "prefix_list_ids": [],
                "protocol": "tcp",
                "security_groups": [],
                "self": false,
                "to_port": 5672
              }
            ],
            "name": "rabbitMQ",
            "name_prefix": null,
            "owner_id": "246212294438",
            "revoke_rules_on_delete": false,
            "tags": null,
            "timeouts": null,
            "vpc_id": "vpc-08856d97c9261c2d0"
          },
          "private": "eyJlMmJmYjczMC1lY2FhLTExZTYtOGY4OC0zNDM2M2JjN2M0YzAiOnsiY3JlYXRlIjo2MDAwMDAwMDAwMDAsImRlbGV0ZSI6NjAwMDAwMDAwMDAwfSwic2NoZW1hX3ZlcnNpb24iOiIxIn0="
        }
      ]
    },
    {
      "module": "module.myvpc.module.mysubnet",
      "mode": "managed",
      "type": "aws_subnet",
      "name": "public",
      "each": "list",
      "provider": "provider.aws",
      "instances": [
        {
          "index_key": 0,
          "schema_version": 1,
          "attributes": {
            "arn": "arn:aws:ec2:us-east-1:246212294438:subnet/subnet-0047b630629c6cafc",
            "assign_ipv6_address_on_creation": false,
            "availability_zone": "us-east-1a",
            "availability_zone_id": "use1-az2",
            "cidr_block": "10.0.3.0/24",
            "id": "subnet-0047b630629c6cafc",
            "ipv6_cidr_block": "",
            "ipv6_cidr_block_association_id": "",
            "map_public_ip_on_launch": true,
            "owner_id": "246212294438",
            "tags": null,
            "timeouts": null,
            "vpc_id": "vpc-08856d97c9261c2d0"
          },
          "private": "eyJlMmJmYjczMC1lY2FhLTExZTYtOGY4OC0zNDM2M2JjN2M0YzAiOnsiY3JlYXRlIjo2MDAwMDAwMDAwMDAsImRlbGV0ZSI6MTIwMDAwMDAwMDAwMH0sInNjaGVtYV92ZXJzaW9uIjoiMSJ9"
        },
        {
          "index_key": 1,
          "schema_version": 1,
          "attributes": {
            "arn": "arn:aws:ec2:us-east-1:246212294438:subnet/subnet-0bbd1702c73b375c8",
            "assign_ipv6_address_on_creation": false,
            "availability_zone": "us-east-1b",
            "availability_zone_id": "use1-az4",
            "cidr_block": "10.0.4.0/24",
            "id": "subnet-0bbd1702c73b375c8",
            "ipv6_cidr_block": "",
            "ipv6_cidr_block_association_id": "",
            "map_public_ip_on_launch": true,
            "owner_id": "246212294438",
            "tags": null,
            "timeouts": null,
            "vpc_id": "vpc-08856d97c9261c2d0"
          },
          "private": "eyJlMmJmYjczMC1lY2FhLTExZTYtOGY4OC0zNDM2M2JjN2M0YzAiOnsiY3JlYXRlIjo2MDAwMDAwMDAwMDAsImRlbGV0ZSI6MTIwMDAwMDAwMDAwMH0sInNjaGVtYV92ZXJzaW9uIjoiMSJ9"
        }
      ]
    },
    {
      "module": "module.myvpc",
      "mode": "managed",
      "type": "aws_vpc",
      "name": "vpc",
      "provider": "provider.aws",
      "instances": [
        {
          "schema_version": 1,
          "attributes": {
            "arn": "arn:aws:ec2:us-east-1:246212294438:vpc/vpc-08856d97c9261c2d0",
            "assign_generated_ipv6_cidr_block": false,
            "cidr_block": "10.0.0.0/16",
            "default_network_acl_id": "acl-0946829aa500568d0",
            "default_route_table_id": "rtb-0f3310af42e9c4718",
            "default_security_group_id": "sg-0e1c20cc3037b9058",
            "dhcp_options_id": "dopt-61208c18",
            "enable_classiclink": false,
            "enable_classiclink_dns_support": false,
            "enable_dns_hostnames": false,
            "enable_dns_support": true,
            "id": "vpc-08856d97c9261c2d0",
            "instance_tenancy": "default",
            "ipv6_association_id": "",
            "ipv6_cidr_block": "",
            "main_route_table_id": "rtb-0f3310af42e9c4718",
            "owner_id": "246212294438",
            "tags": null
          },
          "private": "eyJzY2hlbWFfdmVyc2lvbiI6IjEifQ=="
        }
      ]
    }
  ]
}
